
Microsoft Visual Studio Solution File, Format Version 12.00
# Visual Studio Version 16
VisualStudioVersion = 16.0.30330.147
MinimumVisualStudioVersion = 10.0.40219.1
Project("{9A19103F-16F7-4668-BE54-9A1E7A4F7556}") = "CreditApplication.Domain", "CreditApplication.Domain\CreditApplication.Domain.csproj", "{8EC2B60A-DB71-4FFD-B300-82DBA5B8CA45}"
EndProject
Project("{9A19103F-16F7-4668-BE54-9A1E7A4F7556}") = "CreditApplication.Test", "CreditApplication.Test\CreditApplication.Test.csproj", "{28013003-1804-4860-B404-48D82D2A0DEF}"
EndProject
Project("{9A19103F-16F7-4668-BE54-9A1E7A4F7556}") = "CreditApplication.ConsoleApp", "CreditApplication.ConsoleApp\CreditApplication.ConsoleApp.csproj", "{6DCF13F8-29E3-4BA4-A2FB-AD67DCD7BD28}"
EndProject
Project("{9A19103F-16F7-4668-BE54-9A1E7A4F7556}") = "CreditApplication.Repository", "CreditApplication.Repository\CreditApplication.Repository.csproj", "{B26E7106-AB92-40F7-B59B-188A7C8FF3B2}"
EndProject
Project("{9A19103F-16F7-4668-BE54-9A1E7A4F7556}") = "CreditApplication.Api", "CreditApplication.Api\CreditApplication.Api.csproj", "{5934503C-4A95-4A63-8EBF-5B33CA08B2A7}"
EndProject
Project("{FAE04EC0-301F-11D3-BF4B-00C04F79EFBC}") = "CreditApplication.RepositorySql", "CreditApplication.RepositorySql\CreditApplication.RepositorySql.csproj", "{6665EB21-C562-4880-BABB-65774A9D93FB}"
EndProject
Global
	GlobalSection(SolutionConfigurationPlatforms) = preSolution
		Debug|Any CPU = Debug|Any CPU
		Release|Any CPU = Release|Any CPU
	EndGlobalSection
	GlobalSection(ProjectConfigurationPlatforms) = postSolution
		{8EC2B60A-DB71-4FFD-B300-82DBA5B8CA45}.Debug|Any CPU.ActiveCfg = Debug|Any CPU
		{8EC2B60A-DB71-4FFD-B300-82DBA5B8CA45}.Debug|Any CPU.Build.0 = Debug|Any CPU
		{8EC2B60A-DB71-4FFD-B300-82DBA5B8CA45}.Release|Any CPU.ActiveCfg = Release|Any CPU
		{8EC2B60A-DB71-4FFD-B300-82DBA5B8CA45}.Release|Any CPU.Build.0 = Release|Any CPU
		{28013003-1804-4860-B404-48D82D2A0DEF}.Debug|Any CPU.ActiveCfg = Debug|Any CPU
		{28013003-1804-4860-B404-48D82D2A0DEF}.Debug|Any CPU.Build.0 = Debug|Any CPU
		{28013003-1804-4860-B404-48D82D2A0DEF}.Release|Any CPU.ActiveCfg = Release|Any CPU
		{28013003-1804-4860-B404-48D82D2A0DEF}.Release|Any CPU.Build.0 = Release|Any CPU
		{6DCF13F8-29E3-4BA4-A2FB-AD67DCD7BD28}.Debug|Any CPU.ActiveCfg = Debug|Any CPU
		{6DCF13F8-29E3-4BA4-A2FB-AD67DCD7BD28}.Debug|Any CPU.Build.0 = Debug|Any CPU
		{6DCF13F8-29E3-4BA4-A2FB-AD67DCD7BD28}.Release|Any CPU.ActiveCfg = Release|Any CPU
		{6DCF13F8-29E3-4BA4-A2FB-AD67DCD7BD28}.Release|Any CPU.Build.0 = Release|Any CPU
		{B26E7106-AB92-40F7-B59B-188A7C8FF3B2}.Debug|Any CPU.ActiveCfg = Debug|Any CPU
		{B26E7106-AB92-40F7-B59B-188A7C8FF3B2}.Debug|Any CPU.Build.0 = Debug|Any CPU
		{B26E7106-AB92-40F7-B59B-188A7C8FF3B2}.Release|Any CPU.ActiveCfg = Release|Any CPU
		{B26E7106-AB92-40F7-B59B-188A7C8FF3B2}.Release|Any CPU.Build.0 = Release|Any CPU
		{5934503C-4A95-4A63-8EBF-5B33CA08B2A7}.Debug|Any CPU.ActiveCfg = Debug|Any CPU
		{5934503C-4A95-4A63-8EBF-5B33CA08B2A7}.Debug|Any CPU.Build.0 = Debug|Any CPU
		{5934503C-4A95-4A63-8EBF-5B33CA08B2A7}.Release|Any CPU.ActiveCfg = Release|Any CPU
		{5934503C-4A95-4A63-8EBF-5B33CA08B2A7}.Release|Any CPU.Build.0 = Release|Any CPU
		{6665EB21-C562-4880-BABB-65774A9D93FB}.Debug|Any CPU.ActiveCfg = Debug|Any CPU
		{6665EB21-C562-4880-BABB-65774A9D93FB}.Debug|Any CPU.Build.0 = Debug|Any CPU
		{6665EB21-C562-4880-BABB-65774A9D93FB}.Release|Any CPU.ActiveCfg = Release|Any CPU
		{6665EB21-C562-4880-BABB-65774A9D93FB}.Release|Any CPU.Build.0 = Release|Any CPU
	EndGlobalSection
	GlobalSection(SolutionProperties) = preSolution
		HideSolutionNode = FALSE
	EndGlobalSection
	GlobalSection(ExtensibilityGlobals) = postSolution
		SolutionGuid = {354E7F2B-D599-4E11-BC94-23BE277938BD}
	EndGlobalSection
EndGlobal
